
Microsoft Visual Studio Solution File, Format Version 12.00
# Visual Studio Version 17
VisualStudioVersion = 17.5.33530.505
MinimumVisualStudioVersion = 10.0.40219.1
Project("{FAE04EC0-301F-11D3-BF4B-00C04F79EFBC}") = "AppImagem.Android", "AppImagem\AppImagem.Android\AppImagem.Android.csproj", "{06A77A64-1B7D-44A9-85CF-5A1531660E72}"
EndProject
Project("{FAE04EC0-301F-11D3-BF4B-00C04F79EFBC}") = "AppImagem", "AppImagem\AppImagem\AppImagem.csproj", "{51EAFCEF-DE0A-4EF9-B22B-D46B9768916E}"
EndProject
Global
	GlobalSection(SolutionConfigurationPlatforms) = preSolution
		Debug|Any CPU = Debug|Any CPU
		Release|Any CPU = Release|Any CPU
	EndGlobalSection
	GlobalSection(ProjectConfigurationPlatforms) = postSolution
		{06A77A64-1B7D-44A9-85CF-5A1531660E72}.Debug|Any CPU.ActiveCfg = Debug|Any CPU
		{06A77A64-1B7D-44A9-85CF-5A1531660E72}.Debug|Any CPU.Build.0 = Debug|Any CPU
		{06A77A64-1B7D-44A9-85CF-5A1531660E72}.Debug|Any CPU.Deploy.0 = Debug|Any CPU
		{06A77A64-1B7D-44A9-85CF-5A1531660E72}.Release|Any CPU.ActiveCfg = Release|Any CPU
		{06A77A64-1B7D-44A9-85CF-5A1531660E72}.Release|Any CPU.Build.0 = Release|Any CPU
		{06A77A64-1B7D-44A9-85CF-5A1531660E72}.Release|Any CPU.Deploy.0 = Release|Any CPU
		{51EAFCEF-DE0A-4EF9-B22B-D46B9768916E}.Debug|Any CPU.ActiveCfg = Debug|Any CPU
		{51EAFCEF-DE0A-4EF9-B22B-D46B9768916E}.Debug|Any CPU.Build.0 = Debug|Any CPU
		{51EAFCEF-DE0A-4EF9-B22B-D46B9768916E}.Debug|Any CPU.Deploy.0 = Debug|Any CPU
		{51EAFCEF-DE0A-4EF9-B22B-D46B9768916E}.Release|Any CPU.ActiveCfg = Release|Any CPU
		{51EAFCEF-DE0A-4EF9-B22B-D46B9768916E}.Release|Any CPU.Build.0 = Release|Any CPU
		{51EAFCEF-DE0A-4EF9-B22B-D46B9768916E}.Release|Any CPU.Deploy.0 = Release|Any CPU
	EndGlobalSection
	GlobalSection(SolutionProperties) = preSolution
		HideSolutionNode = FALSE
	EndGlobalSection
	GlobalSection(ExtensibilityGlobals) = postSolution
		SolutionGuid = {87C11ADD-159C-491B-9DC6-3F22792ABD89}
	EndGlobalSection
EndGlobal
